dependencies:
- name: meilisearch
  repository: https://meilisearch.github.io/meilisearch-kubernetes
  version: 0.11.0
- name: munin
  repository: ""
  version: 0.2.24
- name: hugin
  repository: ""
  version: 0.2.24
digest: sha256:e8404dd3b77211f7db2293b68692d0389e6b37f36fe253944bf0428095d8425b
generated: "2024-12-23T12:13:54.513388027Z"
